{
  "version": "5",
  "specifiers": {
    "jsr:@supabase/functions-js@*": "2.112.0"
  },
  "jsr": {
    "@supabase/functions-js@2.112.0": {
      "integrity": "c3aff5a27f637b3c6984487aa055a40732c711b2cc27d8f5bb8ebdd47874f175"
    }
  },
  "redirects": {
    "https://esm.sh/@supabase/supabase-js@2": "https://esm.sh/@supabase/supabase-js@2.112.2"
  },
  "remote": {
    "https://esm.sh/@supabase/supabase-js@2.112.2": "ea8a8dc3bcfe3cd929a9f6f83a5c266ad3f9d8101c34f71d465dd73f7ff1b796"
  }
}
